// !$*UTF8*$!
{
	archiveVersion = 1;
	classes = {
	};
	objectVersion = 50;
	objects = {

/* Begin PBXBuildFile section */
		032D2D69261A035800FC7DD6 /* EditPlanViewController.swift in Sources */ = {isa = PBXBuildFile; fileRef = 032D2D68261A035800FC7DD6 /* EditPlanViewController.swift */; };
		03E28F41261E13110025013B /* EditPlanTable.storyboard in Resources */ = {isa = PBXBuildFile; fileRef = 03E28F40261E13110025013B /* EditPlanTable.storyboard */; };
		852B592E260C34B500C0D986 /* MemoTableViewCell.swift in Sources */ = {isa = PBXBuildFile; fileRef = 852B592C260C34B500C0D986 /* MemoTableViewCell.swift */; };
		852B592F260C34B500C0D986 /* MemoTableViewCell.xib in Resources */ = {isa = PBXBuildFile; fileRef = 852B592D260C34B500C0D986 /* MemoTableViewCell.xib */; };
		857F31FE260A25AB001271B7 /* AppDelegate.swift in Sources */ = {isa = PBXBuildFile; fileRef = 857F31FD260A25AB001271B7 /* AppDelegate.swift */; };
		857F3200260A25AB001271B7 /* SceneDelegate.swift in Sources */ = {isa = PBXBuildFile; fileRef = 857F31FF260A25AB001271B7 /* SceneDelegate.swift */; };
		857F3202260A25AB001271B7 /* ViewController.swift in Sources */ = {isa = PBXBuildFile; fileRef = 857F3201260A25AB001271B7 /* ViewController.swift */; };
		857F3205260A25AB001271B7 /* Main.storyboard in Resources */ = {isa = PBXBuildFile; fileRef = 857F3203260A25AB001271B7 /* Main.storyboard */; };
		857F3207260A25AB001271B7 /* Assets.xcassets in Resources */ = {isa = PBXBuildFile; fileRef = 857F3206260A25AB001271B7 /* Assets.xcassets */; };
		857F320A260A25AB001271B7 /* LaunchScreen.storyboard in Resources */ = {isa = PBXBuildFile; fileRef = 857F3208260A25AB001271B7 /* LaunchScreen.storyboard */; };
		857F3215260A25AB001271B7 /* Memofy2Tests.swift in Sources */ = {isa = PBXBuildFile; fileRef = 857F3214260A25AB001271B7 /* Memofy2Tests.swift */; };
		857F3220260A25AB001271B7 /* Memofy2UITests.swift in Sources */ = {isa = PBXBuildFile; fileRef = 857F321F260A25AB001271B7 /* Memofy2UITests.swift */; };
		85834FAB261C9D9300401C6A /* StudyTimeController.swift in Sources */ = {isa = PBXBuildFile; fileRef = 85834FAA261C9D9300401C6A /* StudyTimeController.swift */; };
		85B17B3F2618446000E16F8E /* TaskCompletedTableViewCell.swift in Sources */ = {isa = PBXBuildFile; fileRef = 85B17B3D2618446000E16F8E /* TaskCompletedTableViewCell.swift */; };
		85B17B402618446000E16F8E /* TaskCompletedTableViewCell.xib in Resources */ = {isa = PBXBuildFile; fileRef = 85B17B3E2618446000E16F8E /* TaskCompletedTableViewCell.xib */; };
		F921ABFB261C2F8A00E83213 /* PlanModel.swift in Sources */ = {isa = PBXBuildFile; fileRef = F921ABFA261C2F8900E83213 /* PlanModel.swift */; };
		F9BC97D8261B7034001AD387 /* AddPlanTableViewController.swift in Sources */ = {isa = PBXBuildFile; fileRef = F9BC97D7261B7034001AD387 /* AddPlanTableViewController.swift */; };
		F9BC97DE261B7077001AD387 /* AddPlanTableView.storyboard in Resources */ = {isa = PBXBuildFile; fileRef = F9BC97DC261B7077001AD387 /* AddPlanTableView.storyboard */; };
		F9C54184261E1ABF008A2E03 /* RepeatTableViewController.swift in Sources */ = {isa = PBXBuildFile; fileRef = F9C54183261E1ABF008A2E03 /* RepeatTableViewController.swift */; };
/* End PBXBuildFile section */

/* Begin PBXContainerItemProxy section */
		857F3211260A25AB001271B7 /* PBXContainerItemProxy */ = {
			isa = PBXContainerItemProxy;
			containerPortal = 857F31F2260A25AB001271B7 /* Project object */;
			proxyType = 1;
			remoteGlobalIDString = 857F31F9260A25AB001271B7;
			remoteInfo = Memofy2;
		};
		857F321C260A25AB001271B7 /* PBXContainerItemProxy */ = {
			isa = PBXContainerItemProxy;
			containerPortal = 857F31F2260A25AB001271B7 /* Project object */;
			proxyType = 1;
			remoteGlobalIDString = 857F31F9260A25AB001271B7;
			remoteInfo = Memofy2;
		};
/* End PBXContainerItemProxy section */

/* Begin PBXFileReference section */
		032D2D68261A035800FC7DD6 /* EditPlanViewController.swift */ = {isa = PBXFileReference; lastKnownFileType = sourcecode.swift; path = EditPlanViewController.swift; sourceTree = "<group>"; };
		03E28F40261E13110025013B /* EditPlanTable.storyboard */ = {isa = PBXFileReference; fileEncoding = 4; lastKnownFileType = file.storyboard; path = EditPlanTable.storyboard; sourceTree = "<group>"; };
		852B592C260C34B500C0D986 /* MemoTableViewCell.swift */ = {isa = PBXFileReference; lastKnownFileType = sourcecode.swift; path = MemoTableViewCell.swift; sourceTree = "<group>"; };
		852B592D260C34B500C0D986 /* MemoTableViewCell.xib */ = {isa = PBXFileReference; lastKnownFileType = file.xib; path = MemoTableViewCell.xib; sourceTree = "<group>"; };
		857F31FA260A25AB001271B7 /* Memofy2.app */ = {isa = PBXFileReference; explicitFileType = wrapper.application; includeInIndex = 0; path = Memofy2.app; sourceTree = BUILT_PRODUCTS_DIR; };
		857F31FD260A25AB001271B7 /* AppDelegate.swift */ = {isa = PBXFileReference; lastKnownFileType = sourcecode.swift; path = AppDelegate.swift; sourceTree = "<group>"; };
		857F31FF260A25AB001271B7 /* SceneDelegate.swift */ = {isa = PBXFileReference; lastKnownFileType = sourcecode.swift; path = SceneDelegate.swift; sourceTree = "<group>"; };
		857F3201260A25AB001271B7 /* ViewController.swift */ = {isa = PBXFileReference; lastKnownFileType = sourcecode.swift; path = ViewController.swift; sourceTree = "<group>"; };
		857F3204260A25AB001271B7 /* Base */ = {isa = PBXFileReference; lastKnownFileType = file.storyboard; name = Base; path = Base.lproj/Main.storyboard; sourceTree = "<group>"; };
		857F3206260A25AB001271B7 /* Assets.xcassets */ = {isa = PBXFileReference; lastKnownFileType = folder.assetcatalog; path = Assets.xcassets; sourceTree = "<group>"; };
		857F3209260A25AB001271B7 /* Base */ = {isa = PBXFileReference; lastKnownFileType = file.storyboard; name = Base; path = Base.lproj/LaunchScreen.storyboard; sourceTree = "<group>"; };
		857F320B260A25AB001271B7 /* Info.plist */ = {isa = PBXFileReference; lastKnownFileType = text.plist.xml; path = Info.plist; sourceTree = "<group>"; };
		857F3210260A25AB001271B7 /* Memofy2Tests.xctest */ = {isa = PBXFileReference; explicitFileType = wrapper.cfbundle; includeInIndex = 0; path = Memofy2Tests.xctest; sourceTree = BUILT_PRODUCTS_DIR; };
		857F3214260A25AB001271B7 /* Memofy2Tests.swift */ = {isa = PBXFileReference; lastKnownFileType = sourcecode.swift; path = Memofy2Tests.swift; sourceTree = "<group>"; };
		857F3216260A25AB001271B7 /* Info.plist */ = {isa = PBXFileReference; lastKnownFileType = text.plist.xml; path = Info.plist; sourceTree = "<group>"; };
		857F321B260A25AB001271B7 /* Memofy2UITests.xctest */ = {isa = PBXFileReference; explicitFileType = wrapper.cfbundle; includeInIndex = 0; path = Memofy2UITests.xctest; sourceTree = BUILT_PRODUCTS_DIR; };
		857F321F260A25AB001271B7 /* Memofy2UITests.swift */ = {isa = PBXFileReference; lastKnownFileType = sourcecode.swift; path = Memofy2UITests.swift; sourceTree = "<group>"; };
		857F3221260A25AB001271B7 /* Info.plist */ = {isa = PBXFileReference; lastKnownFileType = text.plist.xml; path = Info.plist; sourceTree = "<group>"; };
		85834FAA261C9D9300401C6A /* StudyTimeController.swift */ = {isa = PBXFileReference; lastKnownFileType = sourcecode.swift; path = StudyTimeController.swift; sourceTree = "<group>"; };
		85B17B3D2618446000E16F8E /* TaskCompletedTableViewCell.swift */ = {isa = PBXFileReference; lastKnownFileType = sourcecode.swift; path = TaskCompletedTableViewCell.swift; sourceTree = "<group>"; };
		85B17B3E2618446000E16F8E /* TaskCompletedTableViewCell.xib */ = {isa = PBXFileReference; lastKnownFileType = file.xib; path = TaskCompletedTableViewCell.xib; sourceTree = "<group>"; };
		F921ABFA261C2F8900E83213 /* PlanModel.swift */ = {isa = PBXFileReference; lastKnownFileType = sourcecode.swift; path = PlanModel.swift; sourceTree = "<group>"; };
		F9BC97D7261B7034001AD387 /* AddPlanTableViewController.swift */ = {isa = PBXFileReference; lastKnownFileType = sourcecode.swift; path = AddPlanTableViewController.swift; sourceTree = "<group>"; };
		F9BC97DD261B7077001AD387 /* Base */ = {isa = PBXFileReference; lastKnownFileType = file.storyboard; name = Base; path = Memofy2/Base.lproj/AddPlanTableView.storyboard; sourceTree = "<group>"; };
		F9C54183261E1ABF008A2E03 /* RepeatTableViewController.swift */ = {isa = PBXFileReference; lastKnownFileType = sourcecode.swift; path = RepeatTableViewController.swift; sourceTree = "<group>"; };
/* End PBXFileReference section */

/* Begin PBXFrameworksBuildPhase section */
		857F31F7260A25AB001271B7 /* Frameworks */ = {
			isa = PBXFrameworksBuildPhase;
			buildActionMask = 2147483647;
			files = (
			);
			runOnlyForDeploymentPostprocessing = 0;
		};
		857F320D260A25AB001271B7 /* Frameworks */ = {
			isa = PBXFrameworksBuildPhase;
			buildActionMask = 2147483647;
			files = (
			);
			runOnlyForDeploymentPostprocessing = 0;
		};
		857F3218260A25AB001271B7 /* Frameworks */ = {
			isa = PBXFrameworksBuildPhase;
			buildActionMask = 2147483647;
			files = (
			);
			runOnlyForDeploymentPostprocessing = 0;
		};
/* End PBXFrameworksBuildPhase section */

/* Begin PBXGroup section */
		857F31F1260A25AB001271B7 = {
			isa = PBXGroup;
			children = (
				03E28F40261E13110025013B /* EditPlanTable.storyboard */,
				857F31FC260A25AB001271B7 /* Memofy2 */,
				857F3213260A25AB001271B7 /* Memofy2Tests */,
				857F321E260A25AB001271B7 /* Memofy2UITests */,
				857F31FB260A25AB001271B7 /* Products */,
			);
			sourceTree = "<group>";
		};
		857F31FB260A25AB001271B7 /* Products */ = {
			isa = PBXGroup;
			children = (
				857F31FA260A25AB001271B7 /* Memofy2.app */,
				857F3210260A25AB001271B7 /* Memofy2Tests.xctest */,
				857F321B260A25AB001271B7 /* Memofy2UITests.xctest */,
			);
			name = Products;
			sourceTree = "<group>";
		};
		857F31FC260A25AB001271B7 /* Memofy2 */ = {
			isa = PBXGroup;
			children = (
				F9BC97DC261B7077001AD387 /* AddPlanTableView.storyboard */,
				F9C54183261E1ABF008A2E03 /* RepeatTableViewController.swift */,
				F9BC97D7261B7034001AD387 /* AddPlanTableViewController.swift */,
				F921ABFA261C2F8900E83213 /* PlanModel.swift */,
				857F31FD260A25AB001271B7 /* AppDelegate.swift */,
				857F31FF260A25AB001271B7 /* SceneDelegate.swift */,
				857F3201260A25AB001271B7 /* ViewController.swift */,
				857F3203260A25AB001271B7 /* Main.storyboard */,
				032D2D68261A035800FC7DD6 /* EditPlanViewController.swift */,
				857F3206260A25AB001271B7 /* Assets.xcassets */,
				857F3208260A25AB001271B7 /* LaunchScreen.storyboard */,
				857F320B260A25AB001271B7 /* Info.plist */,
				852B592C260C34B500C0D986 /* MemoTableViewCell.swift */,
				852B592D260C34B500C0D986 /* MemoTableViewCell.xib */,
				85B17B3D2618446000E16F8E /* TaskCompletedTableViewCell.swift */,
				85B17B3E2618446000E16F8E /* TaskCompletedTableViewCell.xib */,
				85834FAA261C9D9300401C6A /* StudyTimeController.swift */,
			);
			path = Memofy2;
			sourceTree = "<group>";
		};
		857F3213260A25AB001271B7 /* Memofy2Tests */ = {
			isa = PBXGroup;
			children = (
				857F3214260A25AB001271B7 /* Memofy2Tests.swift */,
				857F3216260A25AB001271B7 /* Info.plist */,
			);
			path = Memofy2Tests;
			sourceTree = "<group>";
		};
		857F321E260A25AB001271B7 /* Memofy2UITests */ = {
			isa = PBXGroup;
			children = (
				857F321F260A25AB001271B7 /* Memofy2UITests.swift */,
				857F3221260A25AB001271B7 /* Info.plist */,
			);
			path = Memofy2UITests;
			sourceTree = "<group>";
		};
/* End PBXGroup section */

/* Begin PBXNativeTarget section */
		857F31F9260A25AB001271B7 /* Memofy2 */ = {
			isa = PBXNativeTarget;
			buildConfigurationList = 857F3224260A25AB001271B7 /* Build configuration list for PBXNativeTarget "Memofy2" */;
			buildPhases = (
				857F31F6260A25AB001271B7 /* Sources */,
				857F31F7260A25AB001271B7 /* Frameworks */,
				857F31F8260A25AB001271B7 /* Resources */,
			);
			buildRules = (
			);
			dependencies = (
			);
			name = Memofy2;
			productName = Memofy2;
			productReference = 857F31FA260A25AB001271B7 /* Memofy2.app */;
			productType = "com.apple.product-type.application";
		};
		857F320F260A25AB001271B7 /* Memofy2Tests */ = {
			isa = PBXNativeTarget;
			buildConfigurationList = 857F3227260A25AB001271B7 /* Build configuration list for PBXNativeTarget "Memofy2Tests" */;
			buildPhases = (
				857F320C260A25AB001271B7 /* Sources */,
				857F320D260A25AB001271B7 /* Frameworks */,
				857F320E260A25AB001271B7 /* Resources */,
			);
			buildRules = (
			);
			dependencies = (
				857F3212260A25AB001271B7 /* PBXTargetDependency */,
			);
			name = Memofy2Tests;
			productName = Memofy2Tests;
			productReference = 857F3210260A25AB001271B7 /* Memofy2Tests.xctest */;
			productType = "com.apple.product-type.bundle.unit-test";
		};
		857F321A260A25AB001271B7 /* Memofy2UITests */ = {
			isa = PBXNativeTarget;
			buildConfigurationList = 857F322A260A25AB001271B7 /* Build configuration list for PBXNativeTarget "Memofy2UITests" */;
			buildPhases = (
				857F3217260A25AB001271B7 /* Sources */,
				857F3218260A25AB001271B7 /* Frameworks */,
				857F3219260A25AB001271B7 /* Resources */,
			);
			buildRules = (
			);
			dependencies = (
				857F321D260A25AB001271B7 /* PBXTargetDependency */,
			);
			name = Memofy2UITests;
			productName = Memofy2UITests;
			productReference = 857F321B260A25AB001271B7 /* Memofy2UITests.xctest */;
			productType = "com.apple.product-type.bundle.ui-testing";
		};
/* End PBXNativeTarget section */

/* Begin PBXProject section */
		857F31F2260A25AB001271B7 /* Project object */ = {
			isa = PBXProject;
			attributes = {
				LastSwiftUpdateCheck = 1240;
				LastUpgradeCheck = 1240;
				TargetAttributes = {
					857F31F9260A25AB001271B7 = {
						CreatedOnToolsVersion = 12.4;
					};
					857F320F260A25AB001271B7 = {
						CreatedOnToolsVersion = 12.4;
						TestTargetID = 857F31F9260A25AB001271B7;
					};
					857F321A260A25AB001271B7 = {
						CreatedOnToolsVersion = 12.4;
						TestTargetID = 857F31F9260A25AB001271B7;
					};
				};
			};
			buildConfigurationList = 857F31F5260A25AB001271B7 /* Build configuration list for PBXProject "Memofy2" */;
			compatibilityVersion = "Xcode 9.3";
			developmentRegion = en;
			hasScannedForEncodings = 0;
			knownRegions = (
				en,
				Base,
			);
			mainGroup = 857F31F1260A25AB001271B7;
			productRefGroup = 857F31FB260A25AB001271B7 /* Products */;
			projectDirPath = "";
			projectRoot = "";
			targets = (
				857F31F9260A25AB001271B7 /* Memofy2 */,
				857F320F260A25AB001271B7 /* Memofy2Tests */,
				857F321A260A25AB001271B7 /* Memofy2UITests */,
			);
		};
/* End PBXProject section */

/* Begin PBXResourcesBuildPhase section */
		857F31F8260A25AB001271B7 /* Resources */ = {
			isa = PBXResourcesBuildPhase;
			buildActionMask = 2147483647;
			files = (
				F9BC97DE261B7077001AD387 /* AddPlanTableView.storyboard in Resources */,
				03E28F41261E13110025013B /* EditPlanTable.storyboard in Resources */,
				857F320A260A25AB001271B7 /* LaunchScreen.storyboard in Resources */,
				85B17B402618446000E16F8E /* TaskCompletedTableViewCell.xib in Resources */,
				857F3207260A25AB001271B7 /* Assets.xcassets in Resources */,
				857F3205260A25AB001271B7 /* Main.storyboard in Resources */,
				852B592F260C34B500C0D986 /* MemoTableViewCell.xib in Resources */,
			);
			runOnlyForDeploymentPostprocessing = 0;
		};
		857F320E260A25AB001271B7 /* Resources */ = {
			isa = PBXResourcesBuildPhase;
			buildActionMask = 2147483647;
			files = (
			);
			runOnlyForDeploymentPostprocessing = 0;
		};
		857F3219260A25AB001271B7 /* Resources */ = {
			isa = PBXResourcesBuildPhase;
			buildActionMask = 2147483647;
			files = (
			);
			runOnlyForDeploymentPostprocessing = 0;
		};
/* End PBXResourcesBuildPhase section */

/* Begin PBXSourcesBuildPhase section */
		857F31F6260A25AB001271B7 /* Sources */ = {
			isa = PBXSourcesBuildPhase;
			buildActionMask = 2147483647;
			files = (
				857F3202260A25AB001271B7 /* ViewController.swift in Sources */,
				F9BC97D8261B7034001AD387 /* AddPlanTableViewController.swift in Sources */,
				857F31FE260A25AB001271B7 /* AppDelegate.swift in Sources */,
				85834FAB261C9D9300401C6A /* StudyTimeController.swift in Sources */,
				85B17B3F2618446000E16F8E /* TaskCompletedTableViewCell.swift in Sources */,
				857F3200260A25AB001271B7 /* SceneDelegate.swift in Sources */,
				F9C54184261E1ABF008A2E03 /* RepeatTableViewController.swift in Sources */,
				F921ABFB261C2F8A00E83213 /* PlanModel.swift in Sources */,
				852B592E260C34B500C0D986 /* MemoTableViewCell.swift in Sources */,
				032D2D69261A035800FC7DD6 /* EditPlanViewController.swift in Sources */,
			);
			runOnlyForDeploymentPostprocessing = 0;
		};
		857F320C260A25AB001271B7 /* Sources */ = {
			isa = PBXSourcesBuildPhase;
			buildActionMask = 2147483647;
			files = (
				857F3215260A25AB001271B7 /* Memofy2Tests.swift in Sources */,
			);
			runOnlyForDeploymentPostprocessing = 0;
		};
		857F3217260A25AB001271B7 /* Sources */ = {
			isa = PBXSourcesBuildPhase;
			buildActionMask = 2147483647;
			files = (
				857F3220260A25AB001271B7 /* Memofy2UITests.swift in Sources */,
			);
			runOnlyForDeploymentPostprocessing = 0;
		};
/* End PBXSourcesBuildPhase section */

/* Begin PBXTargetDependency section */
		857F3212260A25AB001271B7 /* PBXTargetDependency */ = {
			isa = PBXTargetDependency;
			target = 857F31F9260A25AB001271B7 /* Memofy2 */;
			targetProxy = 857F3211260A25AB001271B7 /* PBXContainerItemProxy */;
		};
		857F321D260A25AB001271B7 /* PBXTargetDependency */ = {
			isa = PBXTargetDependency;
			target = 857F31F9260A25AB001271B7 /* Memofy2 */;
			targetProxy = 857F321C260A25AB001271B7 /* PBXContainerItemProxy */;
		};
/* End PBXTargetDependency section */

/* Begin PBXVariantGroup section */
		857F3203260A25AB001271B7 /* Main.storyboard */ = {
			isa = PBXVariantGroup;
			children = (
				857F3204260A25AB001271B7 /* Base */,
			);
			name = Main.storyboard;
			sourceTree = "<group>";
		};
		857F3208260A25AB001271B7 /* LaunchScreen.storyboard */ = {
			isa = PBXVariantGroup;
			children = (
				857F3209260A25AB001271B7 /* Base */,
			);
			name = LaunchScreen.storyboard;
			sourceTree = "<group>";
		};
		F9BC97DC261B7077001AD387 /* AddPlanTableView.storyboard */ = {
			isa = PBXVariantGroup;
			children = (
				F9BC97DD261B7077001AD387 /* Base */,
			);
			name = AddPlanTableView.storyboard;
			sourceTree = "<group>";
		};
/* End PBXVariantGroup section */

/* Begin XCBuildConfiguration section */
		857F3222260A25AB001271B7 /* Debug */ = {
			isa = XCBuildConfiguration;
			buildSettings = {
				ALWAYS_SEARCH_USER_PATHS = NO;
				CLANG_ANALYZER_NONNULL = YES;
				CLANG_ANALYZER_NUMBER_OBJECT_CONVERSION = YES_AGGRESSIVE;
				CLANG_CXX_LANGUAGE_STANDARD = "gnu++14";
				CLANG_CXX_LIBRARY = "libc++";
				CLANG_ENABLE_MODULES = YES;
				CLANG_ENABLE_OBJC_ARC = YES;
				CLANG_ENABLE_OBJC_WEAK = YES;
				CLANG_WARN_BLOCK_CAPTURE_AUTORELEASING = YES;
				CLANG_WARN_BOOL_CONVERSION = YES;
				CLANG_WARN_COMMA = YES;
				CLANG_WARN_CONSTANT_CONVERSION = YES;
				CLANG_WARN_DEPRECATED_OBJC_IMPLEMENTATIONS = YES;
				CLANG_WARN_DIRECT_OBJC_ISA_USAGE = YES_ERROR;
				CLANG_WARN_DOCUMENTATION_COMMENTS = YES;
				CLANG_WARN_EMPTY_BODY = YES;
				CLANG_WARN_ENUM_CONVERSION = YES;
				CLANG_WARN_INFINITE_RECURSION = YES;
				CLANG_WARN_INT_CONVERSION = YES;
				CLANG_WARN_NON_LITERAL_NULL_CONVERSION = YES;
				CLANG_WARN_OBJC_IMPLICIT_RETAIN_SELF = YES;
				CLANG_WARN_OBJC_LITERAL_CONVERSION = YES;
				CLANG_WARN_OBJC_ROOT_CLASS = YES_ERROR;
				CLANG_WARN_QUOTED_INCLUDE_IN_FRAMEWORK_HEADER = YES;
				CLANG_WARN_RANGE_LOOP_ANALYSIS = YES;
				CLANG_WARN_STRICT_PROTOTYPES = YES;
				CLANG_WARN_SUSPICIOUS_MOVE = YES;
				CLANG_WARN_UNGUARDED_AVAILABILITY = YES_AGGRESSIVE;
				CLANG_WARN_UNREACHABLE_CODE = YES;
				CLANG_WARN__DUPLICATE_METHOD_MATCH = YES;
				COPY_PHASE_STRIP = NO;
				DEBUG_INFORMATION_FORMAT = dwarf;
				ENABLE_STRICT_OBJC_MSGSEND = YES;
				ENABLE_TESTABILITY = YES;
				GCC_C_LANGUAGE_STANDARD = gnu11;
				GCC_DYNAMIC_NO_PIC = NO;
				GCC_NO_COMMON_BLOCKS = YES;
				GCC_OPTIMIZATION_LEVEL = 0;
				GCC_PREPROCESSOR_DEFINITIONS = (
					"DEBUG=1",
					"$(inherited)",
				);
				GCC_WARN_64_TO_32_BIT_CONVERSION = YES;
				GCC_WARN_ABOUT_RETURN_TYPE = YES_ERROR;
				GCC_WARN_UNDECLARED_SELECTOR = YES;
				GCC_WARN_UNINITIALIZED_AUTOS = YES_AGGRESSIVE;
				GCC_WARN_UNUSED_FUNCTION = YES;
				GCC_WARN_UNUSED_VARIABLE = YES;
				IPHONEOS_DEPLOYMENT_TARGET = 14.4;
				MTL_ENABLE_DEBUG_INFO = INCLUDE_SOURCE;
				MTL_FAST_MATH = YES;
				ONLY_ACTIVE_ARCH = YES;
				SDKROOT = iphoneos;
				SWIFT_ACTIVE_COMPILATION_CONDITIONS = DEBUG;
				SWIFT_OPTIMIZATION_LEVEL = "-Onone";
			};
			name = Debug;
		};
		857F3223260A25AB001271B7 /* Release */ = {
			isa = XCBuildConfiguration;
			buildSettings = {
				ALWAYS_SEARCH_USER_PATHS = NO;
				CLANG_ANALYZER_NONNULL = YES;
				CLANG_ANALYZER_NUMBER_OBJECT_CONVERSION = YES_AGGRESSIVE;
				CLANG_CXX_LANGUAGE_STANDARD = "gnu++14";
				CLANG_CXX_LIBRARY = "libc++";
				CLANG_ENABLE_MODULES = YES;
				CLANG_ENABLE_OBJC_ARC = YES;
				CLANG_ENABLE_OBJC_WEAK = YES;
				CLANG_WARN_BLOCK_CAPTURE_AUTORELEASING = YES;
				CLANG_WARN_BOOL_CONVERSION = YES;
				CLANG_WARN_COMMA = YES;
				CLANG_WARN_CONSTANT_CONVERSION = YES;
				CLANG_WARN_DEPRECATED_OBJC_IMPLEMENTATIONS = YES;
				CLANG_WARN_DIRECT_OBJC_ISA_USAGE = YES_ERROR;
				CLANG_WARN_DOCUMENTATION_COMMENTS = YES;
				CLANG_WARN_EMPTY_BODY = YES;
				CLANG_WARN_ENUM_CONVERSION = YES;
				CLANG_WARN_INFINITE_RECURSION = YES;
				CLANG_WARN_INT_CONVERSION = YES;
				CLANG_WARN_NON_LITERAL_NULL_CONVERSION = YES;
				CLANG_WARN_OBJC_IMPLICIT_RETAIN_SELF = YES;
				CLANG_WARN_OBJC_LITERAL_CONVERSION = YES;
				CLANG_WARN_OBJC_ROOT_CLASS = YES_ERROR;
				CLANG_WARN_QUOTED_INCLUDE_IN_FRAMEWORK_HEADER = YES;
				CLANG_WARN_RANGE_LOOP_ANALYSIS = YES;
				CLANG_WARN_STRICT_PROTOTYPES = YES;
				CLANG_WARN_SUSPICIOUS_MOVE = YES;
				CLANG_WARN_UNGUARDED_AVAILABILITY = YES_AGGRESSIVE;
				CLANG_WARN_UNREACHABLE_CODE = YES;
				CLANG_WARN__DUPLICATE_METHOD_MATCH = YES;
				COPY_PHASE_STRIP = NO;
				DEBUG_INFORMATION_FORMAT = "dwarf-with-dsym";
				ENABLE_NS_ASSERTIONS = NO;
				ENABLE_STRICT_OBJC_MSGSEND = YES;
				GCC_C_LANGUAGE_STANDARD = gnu11;
				GCC_NO_COMMON_BLOCKS = YES;
				GCC_WARN_64_TO_32_BIT_CONVERSION = YES;
				GCC_WARN_ABOUT_RETURN_TYPE = YES_ERROR;
				GCC_WARN_UNDECLARED_SELECTOR = YES;
				GCC_WARN_UNINITIALIZED_AUTOS = YES_AGGRESSIVE;
				GCC_WARN_UNUSED_FUNCTION = YES;
				GCC_WARN_UNUSED_VARIABLE = YES;
				IPHONEOS_DEPLOYMENT_TARGET = 14.4;
				MTL_ENABLE_DEBUG_INFO = NO;
				MTL_FAST_MATH = YES;
				SDKROOT = iphoneos;
				SWIFT_COMPILATION_MODE = wholemodule;
				SWIFT_OPTIMIZATION_LEVEL = "-O";
				VALIDATE_PRODUCT = YES;
			};
			name = Release;
		};
		857F3225260A25AB001271B7 /* Debug */ = {
			isa = XCBuildConfiguration;
			buildSettings = {
				ASSETCATALOG_COMPILER_APPICON_NAME = AppIcon;
				ASSETCATALOG_COMPILER_GLOBAL_ACCENT_COLOR_NAME = AccentColor;
				CODE_SIGN_STYLE = Automatic;
				DEVELOPMENT_TEAM = 29CDTTU6BM;
				INFOPLIST_FILE = Memofy2/Info.plist;
				LD_RUNPATH_SEARCH_PATHS = (
					"$(inherited)",
					"@executable_path/Frameworks",
				);
				PRODUCT_BUNDLE_IDENTIFIER = com.example.Memofy2;
				PRODUCT_NAME = "$(TARGET_NAME)";
				SWIFT_VERSION = 5.0;
				TARGETED_DEVICE_FAMILY = "1,2";
			};
			name = Debug;
		};
		857F3226260A25AB001271B7 /* Release */ = {
			isa = XCBuildConfiguration;
			buildSettings = {
				ASSETCATALOG_COMPILER_APPICON_NAME = AppIcon;
				ASSETCATALOG_COMPILER_GLOBAL_ACCENT_COLOR_NAME = AccentColor;
				CODE_SIGN_STYLE = Automatic;
				DEVELOPMENT_TEAM = 29CDTTU6BM;
				INFOPLIST_FILE = Memofy2/Info.plist;
				LD_RUNPATH_SEARCH_PATHS = (
					"$(inherited)",
					"@executable_path/Frameworks",
				);
				PRODUCT_BUNDLE_IDENTIFIER = com.example.Memofy2;
				PRODUCT_NAME = "$(TARGET_NAME)";
				SWIFT_VERSION = 5.0;
				TARGETED_DEVICE_FAMILY = "1,2";
			};
			name = Release;
		};
		857F3228260A25AB001271B7 /* Debug */ = {
			isa = XCBuildConfiguration;
			buildSettings = {
				ALWAYS_EMBED_SWIFT_STANDARD_LIBRARIES = YES;
				BUNDLE_LOADER = "$(TEST_HOST)";
				CODE_SIGN_STYLE = Automatic;
				DEVELOPMENT_TEAM = 29CDTTU6BM;
				INFOPLIST_FILE = Memofy2Tests/Info.plist;
				IPHONEOS_DEPLOYMENT_TARGET = 14.4;
				LD_RUNPATH_SEARCH_PATHS = (
					"$(inherited)",
					"@executable_path/Frameworks",
					"@loader_path/Frameworks",
				);
				PRODUCT_BUNDLE_IDENTIFIER = com.example.Memofy2Tests;
				PRODUCT_NAME = "$(TARGET_NAME)";
				SWIFT_VERSION = 5.0;
				TARGETED_DEVICE_FAMILY = "1,2";
				TEST_HOST = "$(BUILT_PRODUCTS_DIR)/Memofy2.app/Memofy2";
			};
			name = Debug;
		};
		857F3229260A25AB001271B7 /* Release */ = {
			isa = XCBuildConfiguration;
			buildSettings = {
				ALWAYS_EMBED_SWIFT_STANDARD_LIBRARIES = YES;
				BUNDLE_LOADER = "$(TEST_HOST)";
				CODE_SIGN_STYLE = Automatic;
				DEVELOPMENT_TEAM = 29CDTTU6BM;
				INFOPLIST_FILE = Memofy2Tests/Info.plist;
				IPHONEOS_DEPLOYMENT_TARGET = 14.4;
				LD_RUNPATH_SEARCH_PATHS = (
					"$(inherited)",
					"@executable_path/Frameworks",
					"@loader_path/Frameworks",
				);
				PRODUCT_BUNDLE_IDENTIFIER = com.example.Memofy2Tests;
				PRODUCT_NAME = "$(TARGET_NAME)";
				SWIFT_VERSION = 5.0;
				TARGETED_DEVICE_FAMILY = "1,2";
				TEST_HOST = "$(BUILT_PRODUCTS_DIR)/Memofy2.app/Memofy2";
			};
			name = Release;
		};
		857F322B260A25AB001271B7 /* Debug */ = {
			isa = XCBuildConfiguration;
			buildSettings = {
				ALWAYS_EMBED_SWIFT_STANDARD_LIBRARIES = YES;
				CODE_SIGN_STYLE = Automatic;
				DEVELOPMENT_TEAM = 29CDTTU6BM;
				INFOPLIST_FILE = Memofy2UITests/Info.plist;
				LD_RUNPATH_SEARCH_PATHS = (
					"$(inherited)",
					"@executable_path/Frameworks",
					"@loader_path/Frameworks",
				);
				PRODUCT_BUNDLE_IDENTIFIER = com.example.Memofy2UITests;
				PRODUCT_NAME = "$(TARGET_NAME)";
				SWIFT_VERSION = 5.0;
				TARGETED_DEVICE_FAMILY = "1,2";
				TEST_TARGET_NAME = Memofy2;
			};
			name = Debug;
		};
		857F322C260A25AB001271B7 /* Release */ = {
			isa = XCBuildConfiguration;
			buildSettings = {
				ALWAYS_EMBED_SWIFT_STANDARD_LIBRARIES = YES;
				CODE_SIGN_STYLE = Automatic;
				DEVELOPMENT_TEAM = 29CDTTU6BM;
				INFOPLIST_FILE = Memofy2UITests/Info.plist;
				LD_RUNPATH_SEARCH_PATHS = (
					"$(inherited)",
					"@executable_path/Frameworks",
					"@loader_path/Frameworks",
				);
				PRODUCT_BUNDLE_IDENTIFIER = com.example.Memofy2UITests;
				PRODUCT_NAME = "$(TARGET_NAME)";
				SWIFT_VERSION = 5.0;
				TARGETED_DEVICE_FAMILY = "1,2";
				TEST_TARGET_NAME = Memofy2;
			};
			name = Release;
		};
/* End XCBuildConfiguration section */

/* Begin XCConfigurationList section */
		857F31F5260A25AB001271B7 /* Build configuration list for PBXProject "Memofy2" */ = {
			isa = XCConfigurationList;
			buildConfigurations = (
				857F3222260A25AB001271B7 /* Debug */,
				857F3223260A25AB001271B7 /* Release */,
			);
			defaultConfigurationIsVisible = 0;
			defaultConfigurationName = Release;
		};
		857F3224260A25AB001271B7 /* Build configuration list for PBXNativeTarget "Memofy2" */ = {
			isa = XCConfigurationList;
			buildConfigurations = (
				857F3225260A25AB001271B7 /* Debug */,
				857F3226260A25AB001271B7 /* Release */,
			);
			defaultConfigurationIsVisible = 0;
			defaultConfigurationName = Release;
		};
		857F3227260A25AB001271B7 /* Build configuration list for PBXNativeTarget "Memofy2Tests" */ = {
			isa = XCConfigurationList;
			buildConfigurations = (
				857F3228260A25AB001271B7 /* Debug */,
				857F3229260A25AB001271B7 /* Release */,
			);
			defaultConfigurationIsVisible = 0;
			defaultConfigurationName = Release;
		};
		857F322A260A25AB001271B7 /* Build configuration list for PBXNativeTarget "Memofy2UITests" */ = {
			isa = XCConfigurationList;
			buildConfigurations = (
				857F322B260A25AB001271B7 /* Debug */,
				857F322C260A25AB001271B7 /* Release */,
			);
			defaultConfigurationIsVisible = 0;
			defaultConfigurationName = Release;
		};
/* End XCConfigurationList section */
	};
	rootObject = 857F31F2260A25AB001271B7 /* Project object */;
}
